
Microsoft Visual Studio Solution File, Format Version 12.00
# Visual Studio Version 17
VisualStudioVersion = 17.5.2.0
MinimumVisualStudioVersion = 10.0.40219.1
Project("{FAE04EC0-301F-11D3-BF4B-00C04F79EFBC}") = "pBiblioteca", "projeto-biblioteca\pBiblioteca.csproj", "{C0B4DA2F-D858-65F4-62A8-E62287CE64C0}"
EndProject
Project("{FAE04EC0-301F-11D3-BF4B-00C04F79EFBC}") = "projeto-biblioteca.Tests", "projeto-biblioteca.Tests\projeto-biblioteca.Tests.csproj", "{702B7343-4F2F-4861-94E3-5570634CEACA}"
EndProject
Global
	GlobalSection(SolutionConfigurationPlatforms) = preSolution
		Debug|Any CPU = Debug|Any CPU
		Debug|x64 = Debug|x64
		Debug|x86 = Debug|x86
		Release|Any CPU = Release|Any CPU
		Release|x64 = Release|x64
		Release|x86 = Release|x86
	EndGlobalSection
	GlobalSection(ProjectConfigurationPlatforms) = postSolution
		{C0B4DA2F-D858-65F4-62A8-E62287CE64C0}.Debug|Any CPU.ActiveCfg = Debug|Any CPU
		{C0B4DA2F-D858-65F4-62A8-E62287CE64C0}.Debug|Any CPU.Build.0 = Debug|Any CPU
		{C0B4DA2F-D858-65F4-62A8-E62287CE64C0}.Debug|x64.ActiveCfg = Debug|Any CPU
		{C0B4DA2F-D858-65F4-62A8-E62287CE64C0}.Debug|x64.Build.0 = Debug|Any CPU
		{C0B4DA2F-D858-65F4-62A8-E62287CE64C0}.Debug|x86.ActiveCfg = Debug|Any CPU
		{C0B4DA2F-D858-65F4-62A8-E62287CE64C0}.Debug|x86.Build.0 = Debug|Any CPU
		{C0B4DA2F-D858-65F4-62A8-E62287CE64C0}.Release|Any CPU.ActiveCfg = Release|Any CPU
		{C0B4DA2F-D858-65F4-62A8-E62287CE64C0}.Release|Any CPU.Build.0 = Release|Any CPU
		{C0B4DA2F-D858-65F4-62A8-E62287CE64C0}.Release|x64.ActiveCfg = Release|Any CPU
		{C0B4DA2F-D858-65F4-62A8-E62287CE64C0}.Release|x64.Build.0 = Release|Any CPU
		{C0B4DA2F-D858-65F4-62A8-E62287CE64C0}.Release|x86.ActiveCfg = Release|Any CPU
		{C0B4DA2F-D858-65F4-62A8-E62287CE64C0}.Release|x86.Build.0 = Release|Any CPU
		{80F50E8F-6781-4510-9A5A-FB11FDD9F0BF}.Debug|Any CPU.ActiveCfg = Debug|Any CPU
		{80F50E8F-6781-4510-9A5A-FB11FDD9F0BF}.Debug|Any CPU.Build.0 = Debug|Any CPU
		{80F50E8F-6781-4510-9A5A-FB11FDD9F0BF}.Debug|x64.ActiveCfg = Debug|Any CPU
		{80F50E8F-6781-4510-9A5A-FB11FDD9F0BF}.Debug|x64.Build.0 = Debug|Any CPU
		{80F50E8F-6781-4510-9A5A-FB11FDD9F0BF}.Debug|x86.ActiveCfg = Debug|Any CPU
		{80F50E8F-6781-4510-9A5A-FB11FDD9F0BF}.Debug|x86.Build.0 = Debug|Any CPU
		{80F50E8F-6781-4510-9A5A-FB11FDD9F0BF}.Release|Any CPU.ActiveCfg = Release|Any CPU
		{80F50E8F-6781-4510-9A5A-FB11FDD9F0BF}.Release|Any CPU.Build.0 = Release|Any CPU
		{80F50E8F-6781-4510-9A5A-FB11FDD9F0BF}.Release|x64.ActiveCfg = Release|Any CPU
		{80F50E8F-6781-4510-9A5A-FB11FDD9F0BF}.Release|x64.Build.0 = Release|Any CPU
		{80F50E8F-6781-4510-9A5A-FB11FDD9F0BF}.Release|x86.ActiveCfg = Release|Any CPU
		{80F50E8F-6781-4510-9A5A-FB11FDD9F0BF}.Release|x86.Build.0 = Release|Any CPU
		{702B7343-4F2F-4861-94E3-5570634CEACA}.Debug|Any CPU.ActiveCfg = Debug|Any CPU
		{702B7343-4F2F-4861-94E3-5570634CEACA}.Debug|Any CPU.Build.0 = Debug|Any CPU
		{702B7343-4F2F-4861-94E3-5570634CEACA}.Debug|x64.ActiveCfg = Debug|Any CPU
		{702B7343-4F2F-4861-94E3-5570634CEACA}.Debug|x64.Build.0 = Debug|Any CPU
		{702B7343-4F2F-4861-94E3-5570634CEACA}.Debug|x86.ActiveCfg = Debug|Any CPU
		{702B7343-4F2F-4861-94E3-5570634CEACA}.Debug|x86.Build.0 = Debug|Any CPU
		{702B7343-4F2F-4861-94E3-5570634CEACA}.Release|Any CPU.ActiveCfg = Release|Any CPU
		{702B7343-4F2F-4861-94E3-5570634CEACA}.Release|Any CPU.Build.0 = Release|Any CPU
		{702B7343-4F2F-4861-94E3-5570634CEACA}.Release|x64.ActiveCfg = Release|Any CPU
		{702B7343-4F2F-4861-94E3-5570634CEACA}.Release|x64.Build.0 = Release|Any CPU
		{702B7343-4F2F-4861-94E3-5570634CEACA}.Release|x86.ActiveCfg = Release|Any CPU
		{702B7343-4F2F-4861-94E3-5570634CEACA}.Release|x86.Build.0 = Release|Any CPU
	EndGlobalSection
	GlobalSection(SolutionProperties) = preSolution
		HideSolutionNode = FALSE
	EndGlobalSection
	GlobalSection(ExtensibilityGlobals) = postSolution
		SolutionGuid = {0666C94B-0A66-41D9-A4FF-BB3795E9E69B}
	EndGlobalSection
EndGlobal
